// !$*UTF8*$!
{
	archiveVersion = 1;
	classes = {
	};
	objectVersion = 48;
	objects = {

/* Begin PBXBuildFile section */
		5E6D13401FA1BFF1002BA444 /* ArenaShare.h in Headers */ = {isa = PBXBuildFile; fileRef = 5E6D133E1FA1BFF1002BA444 /* ArenaShare.h */; settings = {ATTRIBUTES = (Public, ); }; };
		5E6D135D1FA1C00C002BA444 /* libSocialQQ.a in Frameworks */ = {isa = PBXBuildFile; fileRef = 5E6D13491FA1C00C002BA444 /* libSocialQQ.a */; };
		5E6D135E1FA1C00C002BA444 /* UMSocialQQHandler.h in Headers */ = {isa = PBXBuildFile; fileRef = 5E6D134A1FA1C00C002BA444 /* UMSocialQQHandler.h */; };
		5E6D135F1FA1C00C002BA444 /* libSocialSina.a in Frameworks */ = {isa = PBXBuildFile; fileRef = 5E6D134C1FA1C00C002BA444 /* libSocialSina.a */; };
		5E6D13601FA1C00C002BA444 /* UMSocialSinaHandler.h in Headers */ = {isa = PBXBuildFile; fileRef = 5E6D134D1FA1C00C002BA444 /* UMSocialSinaHandler.h */; };
		5E6D13611FA1C00C002BA444 /* libSocialUniqueId.a in Frameworks */ = {isa = PBXBuildFile; fileRef = 5E6D134F1FA1C00C002BA444 /* libSocialUniqueId.a */; };
		5E6D13621FA1C00C002BA444 /* UMSocialUniqueIdHandler.h in Headers */ = {isa = PBXBuildFile; fileRef = 5E6D13501FA1C00C002BA444 /* UMSocialUniqueIdHandler.h */; };
		5E6D13631FA1C00C002BA444 /* libSocialWeChat.a in Frameworks */ = {isa = PBXBuildFile; fileRef = 5E6D13521FA1C00C002BA444 /* libSocialWeChat.a */; };
		5E6D13641FA1C00C002BA444 /* UMSocialWechatHandler.h in Headers */ = {isa = PBXBuildFile; fileRef = 5E6D13531FA1C00C002BA444 /* UMSocialWechatHandler.h */; };
		5E6D13651FA1C00C002BA444 /* UMSocialCore.framework in Frameworks */ = {isa = PBXBuildFile; fileRef = 5E6D13551FA1C00C002BA444 /* UMSocialCore.framework */; };
		5E6D13661FA1C00C002BA444 /* UMSocialNetwork.framework in Frameworks */ = {isa = PBXBuildFile; fileRef = 5E6D13561FA1C00C002BA444 /* UMSocialNetwork.framework */; };
		5E6D13671FA1C00C002BA444 /* UMSocialSDKPromptResources.bundle in Resources */ = {isa = PBXBuildFile; fileRef = 5E6D13571FA1C00C002BA444 /* UMSocialSDKPromptResources.bundle */; };
		5E6D13681FA1C00C002BA444 /* libUMSocialLog.a in Frameworks */ = {isa = PBXBuildFile; fileRef = 5E6D13591FA1C00C002BA444 /* libUMSocialLog.a */; };
		5E6D13691FA1C00C002BA444 /* UMSocialSDKResources.bundle in Resources */ = {isa = PBXBuildFile; fileRef = 5E6D135B1FA1C00C002BA444 /* UMSocialSDKResources.bundle */; };
		5E6D136A1FA1C00C002BA444 /* UShareUI.framework in Frameworks */ = {isa = PBXBuildFile; fileRef = 5E6D135C1FA1C00C002BA444 /* UShareUI.framework */; };
/* End PBXBuildFile section */

/* Begin PBXFileReference section */
		5E6D133B1FA1BFF1002BA444 /* ArenaShare.framework */ = {isa = PBXFileReference; explicitFileType = wrapper.framework; includeInIndex = 0; path = ArenaShare.framework; sourceTree = BUILT_PRODUCTS_DIR; };
		5E6D133E1FA1BFF1002BA444 /* ArenaShare.h */ = {isa = PBXFileReference; lastKnownFileType = sourcecode.c.h; path = ArenaShare.h; sourceTree = "<group>"; };
		5E6D133F1FA1BFF1002BA444 /* Info.plist */ = {isa = PBXFileReference; lastKnownFileType = text.plist.xml; path = Info.plist; sourceTree = "<group>"; };
		5E6D13491FA1C00C002BA444 /* libSocialQQ.a */ = {isa = PBXFileReference; lastKnownFileType = archive.ar; path = libSocialQQ.a; sourceTree = "<group>"; };
		5E6D134A1FA1C00C002BA444 /* UMSocialQQHandler.h */ = {isa = PBXFileReference; fileEncoding = 4; lastKnownFileType = sourcecode.c.h; path = UMSocialQQHandler.h; sourceTree = "<group>"; };
		5E6D134C1FA1C00C002BA444 /* libSocialSina.a */ = {isa = PBXFileReference; lastKnownFileType = archive.ar; path = libSocialSina.a; sourceTree = "<group>"; };
		5E6D134D1FA1C00C002BA444 /* UMSocialSinaHandler.h */ = {isa = PBXFileReference; fileEncoding = 4; lastKnownFileType = sourcecode.c.h; path = UMSocialSinaHandler.h; sourceTree = "<group>"; };
		5E6D134F1FA1C00C002BA444 /* libSocialUniqueId.a */ = {isa = PBXFileReference; lastKnownFileType = archive.ar; path = libSocialUniqueId.a; sourceTree = "<group>"; };
		5E6D13501FA1C00C002BA444 /* UMSocialUniqueIdHandler.h */ = {isa = PBXFileReference; fileEncoding = 4; lastKnownFileType = sourcecode.c.h; path = UMSocialUniqueIdHandler.h; sourceTree = "<group>"; };
		5E6D13521FA1C00C002BA444 /* libSocialWeChat.a */ = {isa = PBXFileReference; lastKnownFileType = archive.ar; path = libSocialWeChat.a; sourceTree = "<group>"; };
		5E6D13531FA1C00C002BA444 /* UMSocialWechatHandler.h */ = {isa = PBXFileReference; fileEncoding = 4; lastKnownFileType = sourcecode.c.h; path = UMSocialWechatHandler.h; sourceTree = "<group>"; };
		5E6D13551FA1C00C002BA444 /* UMSocialCore.framework */ = {isa = PBXFileReference; lastKnownFileType = wrapper.framework; path = UMSocialCore.framework; sourceTree = "<group>"; };
		5E6D13561FA1C00C002BA444 /* UMSocialNetwork.framework */ = {isa = PBXFileReference; lastKnownFileType = wrapper.framework; path = UMSocialNetwork.framework; sourceTree = "<group>"; };
		5E6D13571FA1C00C002BA444 /* UMSocialSDKPromptResources.bundle */ = {isa = PBXFileReference; lastKnownFileType = "wrapper.plug-in"; path = UMSocialSDKPromptResources.bundle; sourceTree = "<group>"; };
		5E6D13591FA1C00C002BA444 /* libUMSocialLog.a */ = {isa = PBXFileReference; lastKnownFileType = archive.ar; path = libUMSocialLog.a; sourceTree = "<group>"; };
		5E6D135B1FA1C00C002BA444 /* UMSocialSDKResources.bundle */ = {isa = PBXFileReference; lastKnownFileType = "wrapper.plug-in"; path = UMSocialSDKResources.bundle; sourceTree = "<group>"; };
		5E6D135C1FA1C00C002BA444 /* UShareUI.framework */ = {isa = PBXFileReference; lastKnownFileType = wrapper.framework; path = UShareUI.framework; sourceTree = "<group>"; };
/* End PBXFileReference section */

/* Begin PBXFrameworksBuildPhase section */
		5E6D13371FA1BFF1002BA444 /* Frameworks */ = {
			isa = PBXFrameworksBuildPhase;
			buildActionMask = 2147483647;
			files = (
				5E6D13651FA1C00C002BA444 /* UMSocialCore.framework in Frameworks */,
				5E6D135D1FA1C00C002BA444 /* libSocialQQ.a in Frameworks */,
				5E6D13661FA1C00C002BA444 /* UMSocialNetwork.framework in Frameworks */,
				5E6D13611FA1C00C002BA444 /* libSocialUniqueId.a in Frameworks */,
				5E6D136A1FA1C00C002BA444 /* UShareUI.framework in Frameworks */,
				5E6D13681FA1C00C002BA444 /* libUMSocialLog.a in Frameworks */,
				5E6D13631FA1C00C002BA444 /* libSocialWeChat.a in Frameworks */,
				5E6D135F1FA1C00C002BA444 /* libSocialSina.a in Frameworks */,
			);
			runOnlyForDeploymentPostprocessing = 0;
		};
/* End PBXFrameworksBuildPhase section */

/* Begin PBXGroup section */
		5E6D13311FA1BFF1002BA444 = {
			isa = PBXGroup;
			children = (
				5E6D13461FA1C00C002BA444 /* UMSocial */,
				5E6D133D1FA1BFF1002BA444 /* ArenaShare */,
				5E6D133C1FA1BFF1002BA444 /* Products */,
			);
			sourceTree = "<group>";
		};
		5E6D133C1FA1BFF1002BA444 /* Products */ = {
			isa = PBXGroup;
			children = (
				5E6D133B1FA1BFF1002BA444 /* ArenaShare.framework */,
			);
			name = Products;
			sourceTree = "<group>";
		};
		5E6D133D1FA1BFF1002BA444 /* ArenaShare */ = {
			isa = PBXGroup;
			children = (
				5E6D133E1FA1BFF1002BA444 /* ArenaShare.h */,
				5E6D133F1FA1BFF1002BA444 /* Info.plist */,
			);
			path = ArenaShare;
			sourceTree = "<group>";
		};
		5E6D13461FA1C00C002BA444 /* UMSocial */ = {
			isa = PBXGroup;
			children = (
				5E6D13471FA1C00C002BA444 /* SocialLibraries */,
				5E6D13541FA1C00C002BA444 /* UMSocialSDK */,
				5E6D13581FA1C00C002BA444 /* UMSocialSDKPlugin */,
				5E6D135A1FA1C00C002BA444 /* UMSocialUI */,
			);
			path = UMSocial;
			sourceTree = "<group>";
		};
		5E6D13471FA1C00C002BA444 /* SocialLibraries */ = {
			isa = PBXGroup;
			children = (
				5E6D13481FA1C00C002BA444 /* QQ */,
				5E6D134B1FA1C00C002BA444 /* Sina */,
				5E6D134E1FA1C00C002BA444 /* UniqueId */,
				5E6D13511FA1C00C002BA444 /* WeChat */,
			);
			path = SocialLibraries;
			sourceTree = "<group>";
		};
		5E6D13481FA1C00C002BA444 /* QQ */ = {
			isa = PBXGroup;
			children = (
				5E6D13491FA1C00C002BA444 /* libSocialQQ.a */,
				5E6D134A1FA1C00C002BA444 /* UMSocialQQHandler.h */,
			);
			path = QQ;
			sourceTree = "<group>";
		};
		5E6D134B1FA1C00C002BA444 /* Sina */ = {
			isa = PBXGroup;
			children = (
				5E6D134C1FA1C00C002BA444 /* libSocialSina.a */,
				5E6D134D1FA1C00C002BA444 /* UMSocialSinaHandler.h */,
			);
			path = Sina;
			sourceTree = "<group>";
		};
		5E6D134E1FA1C00C002BA444 /* UniqueId */ = {
			isa = PBXGroup;
			children = (
				5E6D134F1FA1C00C002BA444 /* libSocialUniqueId.a */,
				5E6D13501FA1C00C002BA444 /* UMSocialUniqueIdHandler.h */,
			);
			path = UniqueId;
			sourceTree = "<group>";
		};
		5E6D13511FA1C00C002BA444 /* WeChat */ = {
			isa = PBXGroup;
			children = (
				5E6D13521FA1C00C002BA444 /* libSocialWeChat.a */,
				5E6D13531FA1C00C002BA444 /* UMSocialWechatHandler.h */,
			);
			path = WeChat;
			sourceTree = "<group>";
		};
		5E6D13541FA1C00C002BA444 /* UMSocialSDK */ = {
			isa = PBXGroup;
			children = (
				5E6D13551FA1C00C002BA444 /* UMSocialCore.framework */,
				5E6D13561FA1C00C002BA444 /* UMSocialNetwork.framework */,
				5E6D13571FA1C00C002BA444 /* UMSocialSDKPromptResources.bundle */,
			);
			path = UMSocialSDK;
			sourceTree = "<group>";
		};
		5E6D13581FA1C00C002BA444 /* UMSocialSDKPlugin */ = {
			isa = PBXGroup;
			children = (
				5E6D13591FA1C00C002BA444 /* libUMSocialLog.a */,
			);
			path = UMSocialSDKPlugin;
			sourceTree = "<group>";
		};
		5E6D135A1FA1C00C002BA444 /* UMSocialUI */ = {
			isa = PBXGroup;
			children = (
				5E6D135B1FA1C00C002BA444 /* UMSocialSDKResources.bundle */,
				5E6D135C1FA1C00C002BA444 /* UShareUI.framework */,
			);
			path = UMSocialUI;
			sourceTree = "<group>";
		};
/* End PBXGroup section */

/* Begin PBXHeadersBuildPhase section */
		5E6D13381FA1BFF1002BA444 /* Headers */ = {
			isa = PBXHeadersBuildPhase;
			buildActionMask = 2147483647;
			files = (
				5E6D13601FA1C00C002BA444 /* UMSocialSinaHandler.h in Headers */,
				5E6D13641FA1C00C002BA444 /* UMSocialWechatHandler.h in Headers */,
				5E6D135E1FA1C00C002BA444 /* UMSocialQQHandler.h in Headers */,
				5E6D13621FA1C00C002BA444 /* UMSocialUniqueIdHandler.h in Headers */,
				5E6D13401FA1BFF1002BA444 /* ArenaShare.h in Headers */,
			);
			runOnlyForDeploymentPostprocessing = 0;
		};
/* End PBXHeadersBuildPhase section */

/* Begin PBXNativeTarget section */
		5E6D133A1FA1BFF1002BA444 /* ArenaShare */ = {
			isa = PBXNativeTarget;
			buildConfigurationList = 5E6D13431FA1BFF1002BA444 /* Build configuration list for PBXNativeTarget "ArenaShare" */;
			buildPhases = (
				5E6D13361FA1BFF1002BA444 /* Sources */,
				5E6D13371FA1BFF1002BA444 /* Frameworks */,
				5E6D13381FA1BFF1002BA444 /* Headers */,
				5E6D13391FA1BFF1002BA444 /* Resources */,
			);
			buildRules = (
			);
			dependencies = (
			);
			name = ArenaShare;
			productName = ArenaShare;
			productReference = 5E6D133B1FA1BFF1002BA444 /* ArenaShare.framework */;
			productType = "com.apple.product-type.framework";
		};
/* End PBXNativeTarget section */

/* Begin PBXProject section */
		5E6D13321FA1BFF1002BA444 /* Project object */ = {
			isa = PBXProject;
			attributes = {
				LastUpgradeCheck = 0900;
				ORGANIZATIONNAME = "江苏斑马软件技术有限公司";
				TargetAttributes = {
					5E6D133A1FA1BFF1002BA444 = {
						CreatedOnToolsVersion = 9.0.1;
						ProvisioningStyle = Automatic;
					};
				};
			};
			buildConfigurationList = 5E6D13351FA1BFF1002BA444 /* Build configuration list for PBXProject "ArenaShare" */;
			compatibilityVersion = "Xcode 8.0";
			developmentRegion = en;
			hasScannedForEncodings = 0;
			knownRegions = (
				en,
			);
			mainGroup = 5E6D13311FA1BFF1002BA444;
			productRefGroup = 5E6D133C1FA1BFF1002BA444 /* Products */;
			projectDirPath = "";
			projectRoot = "";
			targets = (
				5E6D133A1FA1BFF1002BA444 /* ArenaShare */,
			);
		};
/* End PBXProject section */

/* Begin PBXResourcesBuildPhase section */
		5E6D13391FA1BFF1002BA444 /* Resources */ = {
			isa = PBXResourcesBuildPhase;
			buildActionMask = 2147483647;
			files = (
				5E6D13671FA1C00C002BA444 /* UMSocialSDKPromptResources.bundle in Resources */,
				5E6D13691FA1C00C002BA444 /* UMSocialSDKResources.bundle in Resources */,
			);
			runOnlyForDeploymentPostprocessing = 0;
		};
/* End PBXResourcesBuildPhase section */

/* Begin PBXSourcesBuildPhase section */
		5E6D13361FA1BFF1002BA444 /* Sources */ = {
			isa = PBXSourcesBuildPhase;
			buildActionMask = 2147483647;
			files = (
			);
			runOnlyForDeploymentPostprocessing = 0;
		};
/* End PBXSourcesBuildPhase section */

/* Begin XCBuildConfiguration section */
		5E6D13411FA1BFF1002BA444 /* Debug */ = {
			isa = XCBuildConfiguration;
			buildSettings = {
				ALWAYS_SEARCH_USER_PATHS = NO;
				CLANG_ANALYZER_NONNULL = YES;
				CLANG_ANALYZER_NUMBER_OBJECT_CONVERSION = YES_AGGRESSIVE;
				CLANG_CXX_LANGUAGE_STANDARD = "gnu++14";
				CLANG_CXX_LIBRARY = "libc++";
				CLANG_ENABLE_MODULES = YES;
				CLANG_ENABLE_OBJC_ARC = YES;
				CLANG_WARN_BLOCK_CAPTURE_AUTORELEASING = YES;
				CLANG_WARN_BOOL_CONVERSION = YES;
				CLANG_WARN_COMMA = YES;
				CLANG_WARN_CONSTANT_CONVERSION = YES;
				CLANG_WARN_DIRECT_OBJC_ISA_USAGE = YES_ERROR;
				CLANG_WARN_DOCUMENTATION_COMMENTS = YES;
				CLANG_WARN_EMPTY_BODY = YES;
				CLANG_WARN_ENUM_CONVERSION = YES;
				CLANG_WARN_INFINITE_RECURSION = YES;
				CLANG_WARN_INT_CONVERSION = YES;
				CLANG_WARN_NON_LITERAL_NULL_CONVERSION = YES;
				CLANG_WARN_OBJC_LITERAL_CONVERSION = YES;
				CLANG_WARN_OBJC_ROOT_CLASS = YES_ERROR;
				CLANG_WARN_RANGE_LOOP_ANALYSIS = YES;
				CLANG_WARN_STRICT_PROTOTYPES = YES;
				CLANG_WARN_SUSPICIOUS_MOVE = YES;
				CLANG_WARN_UNGUARDED_AVAILABILITY = YES_AGGRESSIVE;
				CLANG_WARN_UNREACHABLE_CODE = YES;
				CLANG_WARN__DUPLICATE_METHOD_MATCH = YES;
				CODE_SIGN_IDENTITY = "iPhone Developer";
				COPY_PHASE_STRIP = NO;
				CURRENT_PROJECT_VERSION = 1;
				DEBUG_INFORMATION_FORMAT = dwarf;
				ENABLE_STRICT_OBJC_MSGSEND = YES;
				ENABLE_TESTABILITY = YES;
				GCC_C_LANGUAGE_STANDARD = gnu11;
				GCC_DYNAMIC_NO_PIC = NO;
				GCC_NO_COMMON_BLOCKS = YES;
				GCC_OPTIMIZATION_LEVEL = 0;
				GCC_PREPROCESSOR_DEFINITIONS = (
					"DEBUG=1",
					"$(inherited)",
				);
				GCC_WARN_64_TO_32_BIT_CONVERSION = YES;
				GCC_WARN_ABOUT_RETURN_TYPE = YES_ERROR;
				GCC_WARN_UNDECLARED_SELECTOR = YES;
				GCC_WARN_UNINITIALIZED_AUTOS = YES_AGGRESSIVE;
				GCC_WARN_UNUSED_FUNCTION = YES;
				GCC_WARN_UNUSED_VARIABLE = YES;
				IPHONEOS_DEPLOYMENT_TARGET = 11.0;
				MTL_ENABLE_DEBUG_INFO = YES;
				ONLY_ACTIVE_ARCH = YES;
				SDKROOT = iphoneos;
				VERSIONING_SYSTEM = "apple-generic";
				VERSION_INFO_PREFIX = "";
			};
			name = Debug;
		};
		5E6D13421FA1BFF1002BA444 /* Release */ = {
			isa = XCBuildConfiguration;
			buildSettings = {
				ALWAYS_SEARCH_USER_PATHS = NO;
				CLANG_ANALYZER_NONNULL = YES;
				CLANG_ANALYZER_NUMBER_OBJECT_CONVERSION = YES_AGGRESSIVE;
				CLANG_CXX_LANGUAGE_STANDARD = "gnu++14";
				CLANG_CXX_LIBRARY = "libc++";
				CLANG_ENABLE_MODULES = YES;
				CLANG_ENABLE_OBJC_ARC = YES;
				CLANG_WARN_BLOCK_CAPTURE_AUTORELEASING = YES;
				CLANG_WARN_BOOL_CONVERSION = YES;
				CLANG_WARN_COMMA = YES;
				CLANG_WARN_CONSTANT_CONVERSION = YES;
				CLANG_WARN_DIRECT_OBJC_ISA_USAGE = YES_ERROR;
				CLANG_WARN_DOCUMENTATION_COMMENTS = YES;
				CLANG_WARN_EMPTY_BODY = YES;
				CLANG_WARN_ENUM_CONVERSION = YES;
				CLANG_WARN_INFINITE_RECURSION = YES;
				CLANG_WARN_INT_CONVERSION = YES;
				CLANG_WARN_NON_LITERAL_NULL_CONVERSION = YES;
				CLANG_WARN_OBJC_LITERAL_CONVERSION = YES;
				CLANG_WARN_OBJC_ROOT_CLASS = YES_ERROR;
				CLANG_WARN_RANGE_LOOP_ANALYSIS = YES;
				CLANG_WARN_STRICT_PROTOTYPES = YES;
				CLANG_WARN_SUSPICIOUS_MOVE = YES;
				CLANG_WARN_UNGUARDED_AVAILABILITY = YES_AGGRESSIVE;
				CLANG_WARN_UNREACHABLE_CODE = YES;
				CLANG_WARN__DUPLICATE_METHOD_MATCH = YES;
				CODE_SIGN_IDENTITY = "iPhone Developer";
				COPY_PHASE_STRIP = NO;
				CURRENT_PROJECT_VERSION = 1;
				DEBUG_INFORMATION_FORMAT = "dwarf-with-dsym";
				ENABLE_NS_ASSERTIONS = NO;
				ENABLE_STRICT_OBJC_MSGSEND = YES;
				GCC_C_LANGUAGE_STANDARD = gnu11;
				GCC_NO_COMMON_BLOCKS = YES;
				GCC_WARN_64_TO_32_BIT_CONVERSION = YES;
				GCC_WARN_ABOUT_RETURN_TYPE = YES_ERROR;
				GCC_WARN_UNDECLARED_SELECTOR = YES;
				GCC_WARN_UNINITIALIZED_AUTOS = YES_AGGRESSIVE;
				GCC_WARN_UNUSED_FUNCTION = YES;
				GCC_WARN_UNUSED_VARIABLE = YES;
				IPHONEOS_DEPLOYMENT_TARGET = 11.0;
				MTL_ENABLE_DEBUG_INFO = NO;
				SDKROOT = iphoneos;
				VALIDATE_PRODUCT = YES;
				VERSIONING_SYSTEM = "apple-generic";
				VERSION_INFO_PREFIX = "";
			};
			name = Release;
		};
		5E6D13441FA1BFF1002BA444 /* Debug */ = {
			isa = XCBuildConfiguration;
			buildSettings = {
				CODE_SIGN_IDENTITY = "";
				CODE_SIGN_STYLE = Automatic;
				DEFINES_MODULE = YES;
				DEVELOPMENT_TEAM = 26429T4LED;
				DYLIB_COMPATIBILITY_VERSION = 1;
				DYLIB_CURRENT_VERSION = 1;
				DYLIB_INSTALL_NAME_BASE = "@rpath";
				FRAMEWORK_SEARCH_PATHS = (
					"$(inherited)",
					"$(PROJECT_DIR)/UMSocial/UMSocialSDK",
					"$(PROJECT_DIR)/UMSocial/UMSocialUI",
				);
				INFOPLIST_FILE = ArenaShare/Info.plist;
				INSTALL_PATH = "$(LOCAL_LIBRARY_DIR)/Frameworks";
				LD_RUNPATH_SEARCH_PATHS = "$(inherited) @executable_path/Frameworks @loader_path/Frameworks";
				LIBRARY_SEARCH_PATHS = (
					"$(inherited)",
					"$(PROJECT_DIR)/UMSocial/SocialLibraries/QQ",
					"$(PROJECT_DIR)/UMSocial/SocialLibraries/Sina",
					"$(PROJECT_DIR)/UMSocial/SocialLibraries/UniqueId",
					"$(PROJECT_DIR)/UMSocial/SocialLibraries/WeChat",
					"$(PROJECT_DIR)/UMSocial/UMSocialSDKPlugin",
				);
				PRODUCT_BUNDLE_IDENTIFIER = com.bm001.mobile.ArenaShare;
				PRODUCT_NAME = "$(TARGET_NAME:c99extidentifier)";
				SKIP_INSTALL = YES;
				TARGETED_DEVICE_FAMILY = "1,2";
			};
			name = Debug;
		};
		5E6D13451FA1BFF1002BA444 /* Release */ = {
			isa = XCBuildConfiguration;
			buildSettings = {
				CODE_SIGN_IDENTITY = "";
				CODE_SIGN_STYLE = Automatic;
				DEFINES_MODULE = YES;
				DEVELOPMENT_TEAM = 26429T4LED;
				DYLIB_COMPATIBILITY_VERSION = 1;
				DYLIB_CURRENT_VERSION = 1;
				DYLIB_INSTALL_NAME_BASE = "@rpath";
				FRAMEWORK_SEARCH_PATHS = (
					"$(inherited)",
					"$(PROJECT_DIR)/UMSocial/UMSocialSDK",
					"$(PROJECT_DIR)/UMSocial/UMSocialUI",
				);
				INFOPLIST_FILE = ArenaShare/Info.plist;
				INSTALL_PATH = "$(LOCAL_LIBRARY_DIR)/Frameworks";
				LD_RUNPATH_SEARCH_PATHS = "$(inherited) @executable_path/Frameworks @loader_path/Frameworks";
				LIBRARY_SEARCH_PATHS = (
					"$(inherited)",
					"$(PROJECT_DIR)/UMSocial/SocialLibraries/QQ",
					"$(PROJECT_DIR)/UMSocial/SocialLibraries/Sina",
					"$(PROJECT_DIR)/UMSocial/SocialLibraries/UniqueId",
					"$(PROJECT_DIR)/UMSocial/SocialLibraries/WeChat",
					"$(PROJECT_DIR)/UMSocial/UMSocialSDKPlugin",
				);
				PRODUCT_BUNDLE_IDENTIFIER = com.bm001.mobile.ArenaShare;
				PRODUCT_NAME = "$(TARGET_NAME:c99extidentifier)";
				SKIP_INSTALL = YES;
				TARGETED_DEVICE_FAMILY = "1,2";
			};
			name = Release;
		};
/* End XCBuildConfiguration section */

/* Begin XCConfigurationList section */
		5E6D13351FA1BFF1002BA444 /* Build configuration list for PBXProject "ArenaShare" */ = {
			isa = XCConfigurationList;
			buildConfigurations = (
				5E6D13411FA1BFF1002BA444 /* Debug */,
				5E6D13421FA1BFF1002BA444 /* Release */,
			);
			defaultConfigurationIsVisible = 0;
			defaultConfigurationName = Release;
		};
		5E6D13431FA1BFF1002BA444 /* Build configuration list for PBXNativeTarget "ArenaShare" */ = {
			isa = XCConfigurationList;
			buildConfigurations = (
				5E6D13441FA1BFF1002BA444 /* Debug */,
				5E6D13451FA1BFF1002BA444 /* Release */,
			);
			defaultConfigurationIsVisible = 0;
			defaultConfigurationName = Release;
		};
/* End XCConfigurationList section */
	};
	rootObject = 5E6D13321FA1BFF1002BA444 /* Project object */;
}
